
Microsoft Visual Studio Solution File, Format Version 12.00
# Visual Studio 15
VisualStudioVersion = 15.0.28010.2048
MinimumVisualStudioVersion = 10.0.40219.1
Project("{FAE04EC0-301F-11D3-BF4B-00C04F79EFBC}") = "WEB.APP", "WEB.APP\WEB.APP.csproj", "{46DC336D-56F3-4384-B604-D2A2ED8D543D}"
EndProject
Project("{FAE04EC0-301F-11D3-BF4B-00C04F79EFBC}") = "WEB.APP.Tests", "WEB.APP.Tests\WEB.APP.Tests.csproj", "{3F0F909A-73B0-43C8-B29D-13B9A71B1331}"
EndProject
Global
	GlobalSection(SolutionConfigurationPlatforms) = preSolution
		Debug|Any CPU = Debug|Any CPU
		Release|Any CPU = Release|Any CPU
	EndGlobalSection
	GlobalSection(ProjectConfigurationPlatforms) = postSolution
		{46DC336D-56F3-4384-B604-D2A2ED8D543D}.Debug|Any CPU.ActiveCfg = Debug|Any CPU
		{46DC336D-56F3-4384-B604-D2A2ED8D543D}.Debug|Any CPU.Build.0 = Debug|Any CPU
		{46DC336D-56F3-4384-B604-D2A2ED8D543D}.Release|Any CPU.ActiveCfg = Release|Any CPU
		{46DC336D-56F3-4384-B604-D2A2ED8D543D}.Release|Any CPU.Build.0 = Release|Any CPU
		{3F0F909A-73B0-43C8-B29D-13B9A71B1331}.Debug|Any CPU.ActiveCfg = Debug|Any CPU
		{3F0F909A-73B0-43C8-B29D-13B9A71B1331}.Debug|Any CPU.Build.0 = Debug|Any CPU
		{3F0F909A-73B0-43C8-B29D-13B9A71B1331}.Release|Any CPU.ActiveCfg = Release|Any CPU
		{3F0F909A-73B0-43C8-B29D-13B9A71B1331}.Release|Any CPU.Build.0 = Release|Any CPU
	EndGlobalSection
	GlobalSection(SolutionProperties) = preSolution
		HideSolutionNode = FALSE
	EndGlobalSection
	GlobalSection(ExtensibilityGlobals) = postSolution
		SolutionGuid = {5C10C778-F127-4260-AC6C-AFDAD4104D9C}
	EndGlobalSection
EndGlobal
